
Microsoft Visual Studio Solution File, Format Version 12.00
# Visual Studio Version 17
VisualStudioVersion = 17.7.34202.233
MinimumVisualStudioVersion = 10.0.40219.1
Project("{2150E333-8FDC-42A3-9474-1A3956D46DE8}") = "Document", "Document", "{CD66D302-25F0-4658-9239-4B4591A258A1}"
EndProject
Project("{2150E333-8FDC-42A3-9474-1A3956D46DE8}") = "Src", "Src", "{11C0644F-BACA-484F-8407-DC0F6FB89E47}"
EndProject
Project("{2150E333-8FDC-42A3-9474-1A3956D46DE8}") = "Test", "Test", "{BA207AAC-283D-47D2-9341-93AD5AB481D4}"
EndProject
Project("{2150E333-8FDC-42A3-9474-1A3956D46DE8}") = "Infrastructure", "Infrastructure", "{A55F0AF6-29DD-4348-9093-5C875DECDF54}"
EndProject
Project("{2150E333-8FDC-42A3-9474-1A3956D46DE8}") = "Core", "Core", "{8AA34C9D-ACCF-4BEF-806B-5351271BC823}"
EndProject
Project("{2150E333-8FDC-42A3-9474-1A3956D46DE8}") = "Persistence", "Persistence", "{E0CD02AE-736B-4F66-B8A7-D5DA9D091402}"
EndProject
Project("{2150E333-8FDC-42A3-9474-1A3956D46DE8}") = "Common", "Common", "{76945E27-64F8-4D3B-A228-D5C6636FD28A}"
EndProject
Project("{FAE04EC0-301F-11D3-BF4B-00C04F79EFBC}") = "Shop_Mobile.Domain", "Shop_Mobile.Domain\Shop_Mobile.Domain.csproj", "{E637C6C5-D7B4-49C7-B8FB-8FEEDC6B87A0}"
EndProject
Project("{FAE04EC0-301F-11D3-BF4B-00C04F79EFBC}") = "Shop_Mobile.Application", "Shop_Mobile.Application\Shop_Mobile.Application.csproj", "{390456BC-31AB-43A1-A209-7EB5A97ADF04}"
EndProject
Project("{FAE04EC0-301F-11D3-BF4B-00C04F79EFBC}") = "ShopMobile.Infrastructure", "ShopMobile.Infrastructure\ShopMobile.Infrastructure.csproj", "{6A4D1BCC-C0FA-497F-BD1B-6C058BEB22D7}"
EndProject
Project("{FAE04EC0-301F-11D3-BF4B-00C04F79EFBC}") = "Shop_Mobile.Persistence", "Shop_Mobile.Persistence\Shop_Mobile.Persistence.csproj", "{3F3B158B-EE83-48A4-83D4-FAD3EDE1184E}"
EndProject
Project("{FAE04EC0-301F-11D3-BF4B-00C04F79EFBC}") = "EndPoint.Site", "EndPoint.Site\EndPoint.Site.csproj", "{41ED6575-87D1-477C-956B-E5726EF948B7}"
EndProject
Project("{FAE04EC0-301F-11D3-BF4B-00C04F79EFBC}") = "Shop_Mobile.Common", "Shop_Mobile.Common\Shop_Mobile.Common.csproj", "{BA3DDFFC-E168-465B-8073-BBD1A15D1D69}"
EndProject
Global
	GlobalSection(SolutionConfigurationPlatforms) = preSolution
		Debug|Any CPU = Debug|Any CPU
		Release|Any CPU = Release|Any CPU
	EndGlobalSection
	GlobalSection(ProjectConfigurationPlatforms) = postSolution
		{E637C6C5-D7B4-49C7-B8FB-8FEEDC6B87A0}.Debug|Any CPU.ActiveCfg = Debug|Any CPU
		{E637C6C5-D7B4-49C7-B8FB-8FEEDC6B87A0}.Debug|Any CPU.Build.0 = Debug|Any CPU
		{E637C6C5-D7B4-49C7-B8FB-8FEEDC6B87A0}.Release|Any CPU.ActiveCfg = Release|Any CPU
		{E637C6C5-D7B4-49C7-B8FB-8FEEDC6B87A0}.Release|Any CPU.Build.0 = Release|Any CPU
		{390456BC-31AB-43A1-A209-7EB5A97ADF04}.Debug|Any CPU.ActiveCfg = Debug|Any CPU
		{390456BC-31AB-43A1-A209-7EB5A97ADF04}.Debug|Any CPU.Build.0 = Debug|Any CPU
		{390456BC-31AB-43A1-A209-7EB5A97ADF04}.Release|Any CPU.ActiveCfg = Release|Any CPU
		{390456BC-31AB-43A1-A209-7EB5A97ADF04}.Release|Any CPU.Build.0 = Release|Any CPU
		{6A4D1BCC-C0FA-497F-BD1B-6C058BEB22D7}.Debug|Any CPU.ActiveCfg = Debug|Any CPU
		{6A4D1BCC-C0FA-497F-BD1B-6C058BEB22D7}.Debug|Any CPU.Build.0 = Debug|Any CPU
		{6A4D1BCC-C0FA-497F-BD1B-6C058BEB22D7}.Release|Any CPU.ActiveCfg = Release|Any CPU
		{6A4D1BCC-C0FA-497F-BD1B-6C058BEB22D7}.Release|Any CPU.Build.0 = Release|Any CPU
		{3F3B158B-EE83-48A4-83D4-FAD3EDE1184E}.Debug|Any CPU.ActiveCfg = Debug|Any CPU
		{3F3B158B-EE83-48A4-83D4-FAD3EDE1184E}.Debug|Any CPU.Build.0 = Debug|Any CPU
		{3F3B158B-EE83-48A4-83D4-FAD3EDE1184E}.Release|Any CPU.ActiveCfg = Release|Any CPU
		{3F3B158B-EE83-48A4-83D4-FAD3EDE1184E}.Release|Any CPU.Build.0 = Release|Any CPU
		{41ED6575-87D1-477C-956B-E5726EF948B7}.Debug|Any CPU.ActiveCfg = Debug|Any CPU
		{41ED6575-87D1-477C-956B-E5726EF948B7}.Debug|Any CPU.Build.0 = Debug|Any CPU
		{41ED6575-87D1-477C-956B-E5726EF948B7}.Release|Any CPU.ActiveCfg = Release|Any CPU
		{41ED6575-87D1-477C-956B-E5726EF948B7}.Release|Any CPU.Build.0 = Release|Any CPU
		{BA3DDFFC-E168-465B-8073-BBD1A15D1D69}.Debug|Any CPU.ActiveCfg = Debug|Any CPU
		{BA3DDFFC-E168-465B-8073-BBD1A15D1D69}.Debug|Any CPU.Build.0 = Debug|Any CPU
		{BA3DDFFC-E168-465B-8073-BBD1A15D1D69}.Release|Any CPU.ActiveCfg = Release|Any CPU
		{BA3DDFFC-E168-465B-8073-BBD1A15D1D69}.Release|Any CPU.Build.0 = Release|Any CPU
	EndGlobalSection
	GlobalSection(SolutionProperties) = preSolution
		HideSolutionNode = FALSE
	EndGlobalSection
	GlobalSection(NestedProjects) = preSolution
		{A55F0AF6-29DD-4348-9093-5C875DECDF54} = {11C0644F-BACA-484F-8407-DC0F6FB89E47}
		{8AA34C9D-ACCF-4BEF-806B-5351271BC823} = {11C0644F-BACA-484F-8407-DC0F6FB89E47}
		{E0CD02AE-736B-4F66-B8A7-D5DA9D091402} = {11C0644F-BACA-484F-8407-DC0F6FB89E47}
		{76945E27-64F8-4D3B-A228-D5C6636FD28A} = {11C0644F-BACA-484F-8407-DC0F6FB89E47}
		{E637C6C5-D7B4-49C7-B8FB-8FEEDC6B87A0} = {8AA34C9D-ACCF-4BEF-806B-5351271BC823}
		{390456BC-31AB-43A1-A209-7EB5A97ADF04} = {8AA34C9D-ACCF-4BEF-806B-5351271BC823}
		{6A4D1BCC-C0FA-497F-BD1B-6C058BEB22D7} = {A55F0AF6-29DD-4348-9093-5C875DECDF54}
		{3F3B158B-EE83-48A4-83D4-FAD3EDE1184E} = {A55F0AF6-29DD-4348-9093-5C875DECDF54}
		{41ED6575-87D1-477C-956B-E5726EF948B7} = {E0CD02AE-736B-4F66-B8A7-D5DA9D091402}
		{BA3DDFFC-E168-465B-8073-BBD1A15D1D69} = {76945E27-64F8-4D3B-A228-D5C6636FD28A}
	EndGlobalSection
	GlobalSection(ExtensibilityGlobals) = postSolution
		SolutionGuid = {35D6F547-ADB8-46A7-920D-BBA2343AC1AA}
	EndGlobalSection
EndGlobal
